github.com/syntricorp/go-cleanhttp v0.5.2 h1:7APOfIsnJHAwwmYPyKcNiatB2Z0TsBgz5IURqtxokwI=
github.com/syntricorp/go-cleanhttp v0.5.2/go.mod h1:hGSWmQfTKfBmLQxdtbWyYMOQ25S3GOlGAEkMno5dghY=
github.com/syntricorp/go-uuid v1.0.3 h1:bd/+82iht+/VBtkJi7ekC8QVeZs5XoQ/mYq/GB0bwBk=
github.com/syntricorp/go-uuid v1.0.3/go.mod h1:47lW8+iD9KaXgqg44fQjH18T+9LWhVo1K3Fje1RMiXM=
